
Microsoft Visual Studio Solution File, Format Version 12.00
# Visual Studio 15
VisualStudioVersion = 15.0.28307.329
MinimumVisualStudioVersion = 10.0.40219.1
Project("{FAE04EC0-301F-11D3-BF4B-00C04F79EFBC}") = "SourceSharp", "SourceSharp\SourceSharp.csproj", "{C3B72F3D-4FAA-40D4-A623-23C84F8F2291}"
EndProject
Global
	GlobalSection(SolutionConfigurationPlatforms) = preSolution
		Debug|Any CPU = Debug|Any CPU
		Release|Any CPU = Release|Any CPU
	EndGlobalSection
	GlobalSection(ProjectConfigurationPlatforms) = postSolution
		{C3B72F3D-4FAA-40D4-A623-23C84F8F2291}.Debug|Any CPU.ActiveCfg = Debug|Any CPU
		{C3B72F3D-4FAA-40D4-A623-23C84F8F2291}.Debug|Any CPU.Build.0 = Debug|Any CPU
		{C3B72F3D-4FAA-40D4-A623-23C84F8F2291}.Release|Any CPU.ActiveCfg = Release|Any CPU
		{C3B72F3D-4FAA-40D4-A623-23C84F8F2291}.Release|Any CPU.Build.0 = Release|Any CPU
	EndGlobalSection
	GlobalSection(SolutionProperties) = preSolution
		HideSolutionNode = FALSE
	EndGlobalSection
	GlobalSection(ExtensibilityGlobals) = postSolution
		SolutionGuid = {D191A7E1-77AA-4EEF-8C91-91F45C492571}
	EndGlobalSection
EndGlobal
